
Microsoft Visual Studio Solution File, Format Version 12.00
# Visual Studio Version 17
VisualStudioVersion = 17.10.35013.160
MinimumVisualStudioVersion = 10.0.40219.1
Project("{FAE04EC0-301F-11D3-BF4B-00C04F79EFBC}") = "HRLibraryEndtoEnd", "HRLibraryEndtoEnd\HRLibraryEndtoEnd.csproj", "{4F399731-2181-4064-AB33-5B082CBB97D8}"
	ProjectSection(ProjectDependencies) = postProject
		{4B1DB17B-D35F-48E8-8A20-8430354541F5} = {4B1DB17B-D35F-48E8-8A20-8430354541F5}
		{730778C8-BB03-473E-9E51-26106BEB4B28} = {730778C8-BB03-473E-9E51-26106BEB4B28}
		{DFFFEC74-FD4A-482D-B55F-70D112BC2A01} = {DFFFEC74-FD4A-482D-B55F-70D112BC2A01}
	EndProjectSection
EndProject
Project("{FAE04EC0-301F-11D3-BF4B-00C04F79EFBC}") = "EntityLayer", "EntityLayer\EntityLayer.csproj", "{730778C8-BB03-473E-9E51-26106BEB4B28}"
	ProjectSection(ProjectDependencies) = postProject
		{DFFFEC74-FD4A-482D-B55F-70D112BC2A01} = {DFFFEC74-FD4A-482D-B55F-70D112BC2A01}
	EndProjectSection
EndProject
Project("{FAE04EC0-301F-11D3-BF4B-00C04F79EFBC}") = "UtilityProj", "UtilityProj\UtilityProj.csproj", "{BDCFC4AA-EE27-40BE-810D-9116A8EC09EE}"
EndProject
Project("{FAE04EC0-301F-11D3-BF4B-00C04F79EFBC}") = "DAOLibrary", "DAOLibrary\DAOLibrary.csproj", "{02B137DF-3412-4F70-B340-7909463450AB}"
	ProjectSection(ProjectDependencies) = postProject
		{730778C8-BB03-473E-9E51-26106BEB4B28} = {730778C8-BB03-473E-9E51-26106BEB4B28}
		{BDCFC4AA-EE27-40BE-810D-9116A8EC09EE} = {BDCFC4AA-EE27-40BE-810D-9116A8EC09EE}
		{DFFFEC74-FD4A-482D-B55F-70D112BC2A01} = {DFFFEC74-FD4A-482D-B55F-70D112BC2A01}
	EndProjectSection
EndProject
Project("{FAE04EC0-301F-11D3-BF4B-00C04F79EFBC}") = "HelperLib", "HelperLib\HelperLib.csproj", "{4B1DB17B-D35F-48E8-8A20-8430354541F5}"
	ProjectSection(ProjectDependencies) = postProject
		{02B137DF-3412-4F70-B340-7909463450AB} = {02B137DF-3412-4F70-B340-7909463450AB}
		{730778C8-BB03-473E-9E51-26106BEB4B28} = {730778C8-BB03-473E-9E51-26106BEB4B28}
	EndProjectSection
EndProject
Project("{FAE04EC0-301F-11D3-BF4B-00C04F79EFBC}") = "ExceptionLib", "ExceptionLib\ExceptionLib.csproj", "{DFFFEC74-FD4A-482D-B55F-70D112BC2A01}"
EndProject
Global
	GlobalSection(SolutionConfigurationPlatforms) = preSolution
		Debug|Any CPU = Debug|Any CPU
		Release|Any CPU = Release|Any CPU
	EndGlobalSection
	GlobalSection(ProjectConfigurationPlatforms) = postSolution
		{4F399731-2181-4064-AB33-5B082CBB97D8}.Debug|Any CPU.ActiveCfg = Debug|Any CPU
		{4F399731-2181-4064-AB33-5B082CBB97D8}.Debug|Any CPU.Build.0 = Debug|Any CPU
		{4F399731-2181-4064-AB33-5B082CBB97D8}.Release|Any CPU.ActiveCfg = Release|Any CPU
		{4F399731-2181-4064-AB33-5B082CBB97D8}.Release|Any CPU.Build.0 = Release|Any CPU
		{730778C8-BB03-473E-9E51-26106BEB4B28}.Debug|Any CPU.ActiveCfg = Debug|Any CPU
		{730778C8-BB03-473E-9E51-26106BEB4B28}.Debug|Any CPU.Build.0 = Debug|Any CPU
		{730778C8-BB03-473E-9E51-26106BEB4B28}.Release|Any CPU.ActiveCfg = Release|Any CPU
		{730778C8-BB03-473E-9E51-26106BEB4B28}.Release|Any CPU.Build.0 = Release|Any CPU
		{BDCFC4AA-EE27-40BE-810D-9116A8EC09EE}.Debug|Any CPU.ActiveCfg = Debug|Any CPU
		{BDCFC4AA-EE27-40BE-810D-9116A8EC09EE}.Debug|Any CPU.Build.0 = Debug|Any CPU
		{BDCFC4AA-EE27-40BE-810D-9116A8EC09EE}.Release|Any CPU.ActiveCfg = Release|Any CPU
		{BDCFC4AA-EE27-40BE-810D-9116A8EC09EE}.Release|Any CPU.Build.0 = Release|Any CPU
		{02B137DF-3412-4F70-B340-7909463450AB}.Debug|Any CPU.ActiveCfg = Debug|Any CPU
		{02B137DF-3412-4F70-B340-7909463450AB}.Debug|Any CPU.Build.0 = Debug|Any CPU
		{02B137DF-3412-4F70-B340-7909463450AB}.Release|Any CPU.ActiveCfg = Release|Any CPU
		{02B137DF-3412-4F70-B340-7909463450AB}.Release|Any CPU.Build.0 = Release|Any CPU
		{4B1DB17B-D35F-48E8-8A20-8430354541F5}.Debug|Any CPU.ActiveCfg = Debug|Any CPU
		{4B1DB17B-D35F-48E8-8A20-8430354541F5}.Debug|Any CPU.Build.0 = Debug|Any CPU
		{4B1DB17B-D35F-48E8-8A20-8430354541F5}.Release|Any CPU.ActiveCfg = Release|Any CPU
		{4B1DB17B-D35F-48E8-8A20-8430354541F5}.Release|Any CPU.Build.0 = Release|Any CPU
		{DFFFEC74-FD4A-482D-B55F-70D112BC2A01}.Debug|Any CPU.ActiveCfg = Debug|Any CPU
		{DFFFEC74-FD4A-482D-B55F-70D112BC2A01}.Debug|Any CPU.Build.0 = Debug|Any CPU
		{DFFFEC74-FD4A-482D-B55F-70D112BC2A01}.Release|Any CPU.ActiveCfg = Release|Any CPU
		{DFFFEC74-FD4A-482D-B55F-70D112BC2A01}.Release|Any CPU.Build.0 = Release|Any CPU
	EndGlobalSection
	GlobalSection(SolutionProperties) = preSolution
		HideSolutionNode = FALSE
	EndGlobalSection
	GlobalSection(ExtensibilityGlobals) = postSolution
		SolutionGuid = {A91B82C1-5676-49C4-A439-5FD0F2780A9C}
	EndGlobalSection
EndGlobal
